// !$*UTF8*$!
{
	archiveVersion = 1;
	classes = {
	};
	objectVersion = 50;
	objects = {

/* Begin PBXBuildFile section */
		04B2338029A744F100615505 /* WebView.swift in Sources */ = {isa = PBXBuildFile; fileRef = 04B2337F29A744F100615505 /* WebView.swift */; };
		04CC844429A729CE008F4E42 /* hacker_news_apiApp.swift in Sources */ = {isa = PBXBuildFile; fileRef = 04CC844329A729CE008F4E42 /* hacker_news_apiApp.swift */; };
		04CC844629A729CE008F4E42 /* ContentView.swift in Sources */ = {isa = PBXBuildFile; fileRef = 04CC844529A729CE008F4E42 /* ContentView.swift */; };
		04CC844829A729D2008F4E42 /* Assets.xcassets in Resources */ = {isa = PBXBuildFile; fileRef = 04CC844729A729D2008F4E42 /* Assets.xcassets */; };
		04CC844B29A729D2008F4E42 /* Preview Assets.xcassets in Resources */ = {isa = PBXBuildFile; fileRef = 04CC844A29A729D2008F4E42 /* Preview Assets.xcassets */; };
		04CC845529A72F9D008F4E42 /* NetworkManager.swift in Sources */ = {isa = PBXBuildFile; fileRef = 04CC845429A72F9D008F4E42 /* NetworkManager.swift */; };
		04CC845929A731D9008F4E42 /* PostData.swift in Sources */ = {isa = PBXBuildFile; fileRef = 04CC845829A731D9008F4E42 /* PostData.swift */; };
		04CC845C29A73E68008F4E42 /* DetailView.swift in Sources */ = {isa = PBXBuildFile; fileRef = 04CC845B29A73E68008F4E42 /* DetailView.swift */; };
/* End PBXBuildFile section */

/* Begin PBXFileReference section */
		04B2337F29A744F100615505 /* WebView.swift */ = {isa = PBXFileReference; lastKnownFileType = sourcecode.swift; path = WebView.swift; sourceTree = "<group>"; };
		04B2338329A7468E00615505 /* hacker news api.entitlements */ = {isa = PBXFileReference; lastKnownFileType = text.plist.entitlements; path = "hacker news api.entitlements"; sourceTree = "<group>"; };
		04CC844029A729CE008F4E42 /* hacker news api.app */ = {isa = PBXFileReference; explicitFileType = wrapper.application; includeInIndex = 0; path = "hacker news api.app"; sourceTree = BUILT_PRODUCTS_DIR; };
		04CC844329A729CE008F4E42 /* hacker_news_apiApp.swift */ = {isa = PBXFileReference; lastKnownFileType = sourcecode.swift; path = hacker_news_apiApp.swift; sourceTree = "<group>"; };
		04CC844529A729CE008F4E42 /* ContentView.swift */ = {isa = PBXFileReference; lastKnownFileType = sourcecode.swift; path = ContentView.swift; sourceTree = "<group>"; };
		04CC844729A729D2008F4E42 /* Assets.xcassets */ = {isa = PBXFileReference; lastKnownFileType = folder.assetcatalog; path = Assets.xcassets; sourceTree = "<group>"; };
		04CC844A29A729D2008F4E42 /* Preview Assets.xcassets */ = {isa = PBXFileReference; lastKnownFileType = folder.assetcatalog; path = "Preview Assets.xcassets"; sourceTree = "<group>"; };
		04CC844C29A729D2008F4E42 /* Info.plist */ = {isa = PBXFileReference; lastKnownFileType = text.plist.xml; path = Info.plist; sourceTree = "<group>"; };
		04CC845429A72F9D008F4E42 /* NetworkManager.swift */ = {isa = PBXFileReference; lastKnownFileType = sourcecode.swift; path = NetworkManager.swift; sourceTree = "<group>"; };
		04CC845829A731D9008F4E42 /* PostData.swift */ = {isa = PBXFileReference; lastKnownFileType = sourcecode.swift; path = PostData.swift; sourceTree = "<group>"; };
		04CC845B29A73E68008F4E42 /* DetailView.swift */ = {isa = PBXFileReference; lastKnownFileType = sourcecode.swift; path = DetailView.swift; sourceTree = "<group>"; };
/* End PBXFileReference section */

/* Begin PBXFrameworksBuildPhase section */
		04CC843D29A729CE008F4E42 /* Frameworks */ = {
			isa = PBXFrameworksBuildPhase;
			buildActionMask = 2147483647;
			files = (
			);
			runOnlyForDeploymentPostprocessing = 0;
		};
/* End PBXFrameworksBuildPhase section */

/* Begin PBXGroup section */
		04CC843729A729CE008F4E42 = {
			isa = PBXGroup;
			children = (
				04CC844229A729CE008F4E42 /* hacker news api */,
				04CC844129A729CE008F4E42 /* Products */,
			);
			sourceTree = "<group>";
		};
		04CC844129A729CE008F4E42 /* Products */ = {
			isa = PBXGroup;
			children = (
				04CC844029A729CE008F4E42 /* hacker news api.app */,
			);
			name = Products;
			sourceTree = "<group>";
		};
		04CC844229A729CE008F4E42 /* hacker news api */ = {
			isa = PBXGroup;
			children = (
				04B2338329A7468E00615505 /* hacker news api.entitlements */,
				04CC845329A72F8D008F4E42 /* Model */,
				04CC844329A729CE008F4E42 /* hacker_news_apiApp.swift */,
				04CC845E29A73E71008F4E42 /* View */,
				04CC844729A729D2008F4E42 /* Assets.xcassets */,
				04CC844C29A729D2008F4E42 /* Info.plist */,
				04CC844929A729D2008F4E42 /* Preview Content */,
			);
			path = "hacker news api";
			sourceTree = "<group>";
		};
		04CC844929A729D2008F4E42 /* Preview Content */ = {
			isa = PBXGroup;
			children = (
				04CC844A29A729D2008F4E42 /* Preview Assets.xcassets */,
			);
			path = "Preview Content";
			sourceTree = "<group>";
		};
		04CC845329A72F8D008F4E42 /* Model */ = {
			isa = PBXGroup;
			children = (
				04CC845429A72F9D008F4E42 /* NetworkManager.swift */,
				04CC845829A731D9008F4E42 /* PostData.swift */,
			);
			path = Model;
			sourceTree = "<group>";
		};
		04CC845E29A73E71008F4E42 /* View */ = {
			isa = PBXGroup;
			children = (
				04CC844529A729CE008F4E42 /* ContentView.swift */,
				04CC845B29A73E68008F4E42 /* DetailView.swift */,
				04B2337F29A744F100615505 /* WebView.swift */,
			);
			path = View;
			sourceTree = "<group>";
		};
/* End PBXGroup section */

/* Begin PBXNativeTarget section */
		04CC843F29A729CE008F4E42 /* hacker news api */ = {
			isa = PBXNativeTarget;
			buildConfigurationList = 04CC844F29A729D2008F4E42 /* Build configuration list for PBXNativeTarget "hacker news api" */;
			buildPhases = (
				04CC843C29A729CE008F4E42 /* Sources */,
				04CC843D29A729CE008F4E42 /* Frameworks */,
				04CC843E29A729CE008F4E42 /* Resources */,
			);
			buildRules = (
			);
			dependencies = (
			);
			name = "hacker news api";
			productName = "hacker news api";
			productReference = 04CC844029A729CE008F4E42 /* hacker news api.app */;
			productType = "com.apple.product-type.application";
		};
/* End PBXNativeTarget section */

/* Begin PBXProject section */
		04CC843829A729CE008F4E42 /* Project object */ = {
			isa = PBXProject;
			attributes = {
				LastSwiftUpdateCheck = 1240;
				LastUpgradeCheck = 1240;
				TargetAttributes = {
					04CC843F29A729CE008F4E42 = {
						CreatedOnToolsVersion = 12.4;
					};
				};
			};
			buildConfigurationList = 04CC843B29A729CE008F4E42 /* Build configuration list for PBXProject "hacker news api" */;
			compatibilityVersion = "Xcode 9.3";
			developmentRegion = en;
			hasScannedForEncodings = 0;
			knownRegions = (
				en,
				Base,
			);
			mainGroup = 04CC843729A729CE008F4E42;
			productRefGroup = 04CC844129A729CE008F4E42 /* Products */;
			projectDirPath = "";
			projectRoot = "";
			targets = (
				04CC843F29A729CE008F4E42 /* hacker news api */,
			);
		};
/* End PBXProject section */

/* Begin PBXResourcesBuildPhase section */
		04CC843E29A729CE008F4E42 /* Resources */ = {
			isa = PBXResourcesBuildPhase;
			buildActionMask = 2147483647;
			files = (
				04CC844B29A729D2008F4E42 /* Preview Assets.xcassets in Resources */,
				04CC844829A729D2008F4E42 /* Assets.xcassets in Resources */,
			);
			runOnlyForDeploymentPostprocessing = 0;
		};
/* End PBXResourcesBuildPhase section */

/* Begin PBXSourcesBuildPhase section */
		04CC843C29A729CE008F4E42 /* Sources */ = {
			isa = PBXSourcesBuildPhase;
			buildActionMask = 2147483647;
			files = (
				04CC845529A72F9D008F4E42 /* NetworkManager.swift in Sources */,
				04CC845929A731D9008F4E42 /* PostData.swift in Sources */,
				04CC844629A729CE008F4E42 /* ContentView.swift in Sources */,
				04B2338029A744F100615505 /* WebView.swift in Sources */,
				04CC845C29A73E68008F4E42 /* DetailView.swift in Sources */,
				04CC844429A729CE008F4E42 /* hacker_news_apiApp.swift in Sources */,
			);
			runOnlyForDeploymentPostprocessing = 0;
		};
/* End PBXSourcesBuildPhase section */

/* Begin XCBuildConfiguration section */
		04CC844D29A729D2008F4E42 /* Debug */ = {
			isa = XCBuildConfiguration;
			buildSettings = {
				ALWAYS_SEARCH_USER_PATHS = NO;
				CLANG_ANALYZER_NONNULL = YES;
				CLANG_ANALYZER_NUMBER_OBJECT_CONVERSION = YES_AGGRESSIVE;
				CLANG_CXX_LANGUAGE_STANDARD = "gnu++14";
				CLANG_CXX_LIBRARY = "libc++";
				CLANG_ENABLE_MODULES = YES;
				CLANG_ENABLE_OBJC_ARC = YES;
				CLANG_ENABLE_OBJC_WEAK = YES;
				CLANG_WARN_BLOCK_CAPTURE_AUTORELEASING = YES;
				CLANG_WARN_BOOL_CONVERSION = YES;
				CLANG_WARN_COMMA = YES;
				CLANG_WARN_CONSTANT_CONVERSION = YES;
				CLANG_WARN_DEPRECATED_OBJC_IMPLEMENTATIONS = YES;
				CLANG_WARN_DIRECT_OBJC_ISA_USAGE = YES_ERROR;
				CLANG_WARN_DOCUMENTATION_COMMENTS = YES;
				CLANG_WARN_EMPTY_BODY = YES;
				CLANG_WARN_ENUM_CONVERSION = YES;
				CLANG_WARN_INFINITE_RECURSION = YES;
				CLANG_WARN_INT_CONVERSION = YES;
				CLANG_WARN_NON_LITERAL_NULL_CONVERSION = YES;
				CLANG_WARN_OBJC_IMPLICIT_RETAIN_SELF = YES;
				CLANG_WARN_OBJC_LITERAL_CONVERSION = YES;
				CLANG_WARN_OBJC_ROOT_CLASS = YES_ERROR;
				CLANG_WARN_QUOTED_INCLUDE_IN_FRAMEWORK_HEADER = YES;
				CLANG_WARN_RANGE_LOOP_ANALYSIS = YES;
				CLANG_WARN_STRICT_PROTOTYPES = YES;
				CLANG_WARN_SUSPICIOUS_MOVE = YES;
				CLANG_WARN_UNGUARDED_AVAILABILITY = YES_AGGRESSIVE;
				CLANG_WARN_UNREACHABLE_CODE = YES;
				CLANG_WARN__DUPLICATE_METHOD_MATCH = YES;
				COPY_PHASE_STRIP = NO;
				DEBUG_INFORMATION_FORMAT = dwarf;
				ENABLE_STRICT_OBJC_MSGSEND = YES;
				ENABLE_TESTABILITY = YES;
				GCC_C_LANGUAGE_STANDARD = gnu11;
				GCC_DYNAMIC_NO_PIC = NO;
				GCC_NO_COMMON_BLOCKS = YES;
				GCC_OPTIMIZATION_LEVEL = 0;
				GCC_PREPROCESSOR_DEFINITIONS = (
					"DEBUG=1",
					"$(inherited)",
				);
				GCC_WARN_64_TO_32_BIT_CONVERSION = YES;
				GCC_WARN_ABOUT_RETURN_TYPE = YES_ERROR;
				GCC_WARN_UNDECLARED_SELECTOR = YES;
				GCC_WARN_UNINITIALIZED_AUTOS = YES_AGGRESSIVE;
				GCC_WARN_UNUSED_FUNCTION = YES;
				GCC_WARN_UNUSED_VARIABLE = YES;
				IPHONEOS_DEPLOYMENT_TARGET = 14.4;
				MTL_ENABLE_DEBUG_INFO = INCLUDE_SOURCE;
				MTL_FAST_MATH = YES;
				ONLY_ACTIVE_ARCH = YES;
				SDKROOT = iphoneos;
				SWIFT_ACTIVE_COMPILATION_CONDITIONS = DEBUG;
				SWIFT_OPTIMIZATION_LEVEL = "-Onone";
			};
			name = Debug;
		};
		04CC844E29A729D2008F4E42 /* Release */ = {
			isa = XCBuildConfiguration;
			buildSettings = {
				ALWAYS_SEARCH_USER_PATHS = NO;
				CLANG_ANALYZER_NONNULL = YES;
				CLANG_ANALYZER_NUMBER_OBJECT_CONVERSION = YES_AGGRESSIVE;
				CLANG_CXX_LANGUAGE_STANDARD = "gnu++14";
				CLANG_CXX_LIBRARY = "libc++";
				CLANG_ENABLE_MODULES = YES;
				CLANG_ENABLE_OBJC_ARC = YES;
				CLANG_ENABLE_OBJC_WEAK = YES;
				CLANG_WARN_BLOCK_CAPTURE_AUTORELEASING = YES;
				CLANG_WARN_BOOL_CONVERSION = YES;
				CLANG_WARN_COMMA = YES;
				CLANG_WARN_CONSTANT_CONVERSION = YES;
				CLANG_WARN_DEPRECATED_OBJC_IMPLEMENTATIONS = YES;
				CLANG_WARN_DIRECT_OBJC_ISA_USAGE = YES_ERROR;
				CLANG_WARN_DOCUMENTATION_COMMENTS = YES;
				CLANG_WARN_EMPTY_BODY = YES;
				CLANG_WARN_ENUM_CONVERSION = YES;
				CLANG_WARN_INFINITE_RECURSION = YES;
				CLANG_WARN_INT_CONVERSION = YES;
				CLANG_WARN_NON_LITERAL_NULL_CONVERSION = YES;
				CLANG_WARN_OBJC_IMPLICIT_RETAIN_SELF = YES;
				CLANG_WARN_OBJC_LITERAL_CONVERSION = YES;
				CLANG_WARN_OBJC_ROOT_CLASS = YES_ERROR;
				CLANG_WARN_QUOTED_INCLUDE_IN_FRAMEWORK_HEADER = YES;
				CLANG_WARN_RANGE_LOOP_ANALYSIS = YES;
				CLANG_WARN_STRICT_PROTOTYPES = YES;
				CLANG_WARN_SUSPICIOUS_MOVE = YES;
				CLANG_WARN_UNGUARDED_AVAILABILITY = YES_AGGRESSIVE;
				CLANG_WARN_UNREACHABLE_CODE = YES;
				CLANG_WARN__DUPLICATE_METHOD_MATCH = YES;
				COPY_PHASE_STRIP = NO;
				DEBUG_INFORMATION_FORMAT = "dwarf-with-dsym";
				ENABLE_NS_ASSERTIONS = NO;
				ENABLE_STRICT_OBJC_MSGSEND = YES;
				GCC_C_LANGUAGE_STANDARD = gnu11;
				GCC_NO_COMMON_BLOCKS = YES;
				GCC_WARN_64_TO_32_BIT_CONVERSION = YES;
				GCC_WARN_ABOUT_RETURN_TYPE = YES_ERROR;
				GCC_WARN_UNDECLARED_SELECTOR = YES;
				GCC_WARN_UNINITIALIZED_AUTOS = YES_AGGRESSIVE;
				GCC_WARN_UNUSED_FUNCTION = YES;
				GCC_WARN_UNUSED_VARIABLE = YES;
				IPHONEOS_DEPLOYMENT_TARGET = 14.4;
				MTL_ENABLE_DEBUG_INFO = NO;
				MTL_FAST_MATH = YES;
				SDKROOT = iphoneos;
				SWIFT_COMPILATION_MODE = wholemodule;
				SWIFT_OPTIMIZATION_LEVEL = "-O";
				VALIDATE_PRODUCT = YES;
			};
			name = Release;
		};
		04CC845029A729D2008F4E42 /* Debug */ = {
			isa = XCBuildConfiguration;
			buildSettings = {
				ASSETCATALOG_COMPILER_APPICON_NAME = AppIcon;
				ASSETCATALOG_COMPILER_GLOBAL_ACCENT_COLOR_NAME = AccentColor;
				CODE_SIGN_ENTITLEMENTS = "hacker news api/hacker news api.entitlements";
				"CODE_SIGN_IDENTITY[sdk=macosx*]" = "Apple Development";
				CODE_SIGN_STYLE = Automatic;
				DEVELOPMENT_ASSET_PATHS = "\"hacker news api/Preview Content\"";
				DEVELOPMENT_TEAM = "";
				ENABLE_PREVIEWS = YES;
				INFOPLIST_FILE = "hacker news api/Info.plist";
				IPHONEOS_DEPLOYMENT_TARGET = 14.1;
				LD_RUNPATH_SEARCH_PATHS = (
					"$(inherited)",
					"@executable_path/Frameworks",
				);
				PRODUCT_BUNDLE_IDENTIFIER = "com.hacker-news-api";
				PRODUCT_NAME = "$(TARGET_NAME)";
				SUPPORTS_MACCATALYST = YES;
				SWIFT_VERSION = 5.0;
				TARGETED_DEVICE_FAMILY = "1,2";
			};
			name = Debug;
		};
		04CC845129A729D2008F4E42 /* Release */ = {
			isa = XCBuildConfiguration;
			buildSettings = {
				ASSETCATALOG_COMPILER_APPICON_NAME = AppIcon;
				ASSETCATALOG_COMPILER_GLOBAL_ACCENT_COLOR_NAME = AccentColor;
				CODE_SIGN_ENTITLEMENTS = "hacker news api/hacker news api.entitlements";
				"CODE_SIGN_IDENTITY[sdk=macosx*]" = "-";
				CODE_SIGN_STYLE = Automatic;
				DEVELOPMENT_ASSET_PATHS = "\"hacker news api/Preview Content\"";
				DEVELOPMENT_TEAM = N7DU2DTY9V;
				ENABLE_PREVIEWS = YES;
				INFOPLIST_FILE = "hacker news api/Info.plist";
				IPHONEOS_DEPLOYMENT_TARGET = 14.1;
				LD_RUNPATH_SEARCH_PATHS = (
					"$(inherited)",
					"@executable_path/Frameworks",
				);
				PRODUCT_BUNDLE_IDENTIFIER = "com.hacker-news-api";
				PRODUCT_NAME = "$(TARGET_NAME)";
				SUPPORTS_MACCATALYST = YES;
				SWIFT_VERSION = 5.0;
				TARGETED_DEVICE_FAMILY = "1,2";
			};
			name = Release;
		};
/* End XCBuildConfiguration section */

/* Begin XCConfigurationList section */
		04CC843B29A729CE008F4E42 /* Build configuration list for PBXProject "hacker news api" */ = {
			isa = XCConfigurationList;
			buildConfigurations = (
				04CC844D29A729D2008F4E42 /* Debug */,
				04CC844E29A729D2008F4E42 /* Release */,
			);
			defaultConfigurationIsVisible = 0;
			defaultConfigurationName = Release;
		};
		04CC844F29A729D2008F4E42 /* Build configuration list for PBXNativeTarget "hacker news api" */ = {
			isa = XCConfigurationList;
			buildConfigurations = (
				04CC845029A729D2008F4E42 /* Debug */,
				04CC845129A729D2008F4E42 /* Release */,
			);
			defaultConfigurationIsVisible = 0;
			defaultConfigurationName = Release;
		};
/* End XCConfigurationList section */
	};
	rootObject = 04CC843829A729CE008F4E42 /* Project object */;
}
